
Microsoft Visual Studio Solution File, Format Version 12.00
Project("{FAE04EC0-301F-11D3-BF4B-00C04F79EFBC}") = "StockBroker", "StockBroker\StockBroker.csproj", "{2E84FA18-4439-40C4-81D7-6DFD34286C7E}"
EndProject
Global
	GlobalSection(SolutionConfigurationPlatforms) = preSolution
		Debug|Any CPU = Debug|Any CPU
		Release|Any CPU = Release|Any CPU
	EndGlobalSection
	GlobalSection(ProjectConfigurationPlatforms) = postSolution
		{2E84FA18-4439-40C4-81D7-6DFD34286C7E}.Debug|Any CPU.ActiveCfg = Debug|Any CPU
		{2E84FA18-4439-40C4-81D7-6DFD34286C7E}.Debug|Any CPU.Build.0 = Debug|Any CPU
		{2E84FA18-4439-40C4-81D7-6DFD34286C7E}.Release|Any CPU.ActiveCfg = Release|Any CPU
		{2E84FA18-4439-40C4-81D7-6DFD34286C7E}.Release|Any CPU.Build.0 = Release|Any CPU
	EndGlobalSection
EndGlobal
